
Microsoft Visual Studio Solution File, Format Version 12.00
# Visual Studio Version 17
VisualStudioVersion = 17.0.31919.166
MinimumVisualStudioVersion = 10.0.40219.1
Project("{FAE04EC0-301F-11D3-BF4B-00C04F79EFBC}") = "TestAutoAktualizacji", "TestAutoAktualizacji\TestAutoAktualizacji.csproj", "{6FB61C1F-0D3C-4F3F-9D3F-013BAD4447C3}"
EndProject
Global
	GlobalSection(SolutionConfigurationPlatforms) = preSolution
		Debug|Any CPU = Debug|Any CPU
		Release|Any CPU = Release|Any CPU
	EndGlobalSection
	GlobalSection(ProjectConfigurationPlatforms) = postSolution
		{6FB61C1F-0D3C-4F3F-9D3F-013BAD4447C3}.Debug|Any CPU.ActiveCfg = Debug|Any CPU
		{6FB61C1F-0D3C-4F3F-9D3F-013BAD4447C3}.Debug|Any CPU.Build.0 = Debug|Any CPU
		{6FB61C1F-0D3C-4F3F-9D3F-013BAD4447C3}.Release|Any CPU.ActiveCfg = Release|Any CPU
		{6FB61C1F-0D3C-4F3F-9D3F-013BAD4447C3}.Release|Any CPU.Build.0 = Release|Any CPU
	EndGlobalSection
	GlobalSection(SolutionProperties) = preSolution
		HideSolutionNode = FALSE
	EndGlobalSection
	GlobalSection(ExtensibilityGlobals) = postSolution
		SolutionGuid = {A7C678ED-DB3A-4B02-8301-69EB04093353}
	EndGlobalSection
EndGlobal
